
Microsoft Visual Studio Solution File, Format Version 12.00
Project("{FAE04EC0-301F-11D3-BF4B-00C04F79EFBC}") = "DiploMate", "DiploMate\DiploMate.csproj", "{2C7CDF1D-EA8E-4EE4-AD0F-F403FF0D3271}"
EndProject
Project("{FAE04EC0-301F-11D3-BF4B-00C04F79EFBC}") = "DiploMate.DAL", "DiploMate.DAL\DiploMate.DAL.csproj", "{69CFAD21-498C-4D49-8E57-8E9F0A1B691B}"
EndProject
Global
	GlobalSection(SolutionConfigurationPlatforms) = preSolution
		Debug|Any CPU = Debug|Any CPU
		Release|Any CPU = Release|Any CPU
	EndGlobalSection
	GlobalSection(ProjectConfigurationPlatforms) = postSolution
		{2C7CDF1D-EA8E-4EE4-AD0F-F403FF0D3271}.Debug|Any CPU.ActiveCfg = Debug|Any CPU
		{2C7CDF1D-EA8E-4EE4-AD0F-F403FF0D3271}.Debug|Any CPU.Build.0 = Debug|Any CPU
		{2C7CDF1D-EA8E-4EE4-AD0F-F403FF0D3271}.Release|Any CPU.ActiveCfg = Release|Any CPU
		{2C7CDF1D-EA8E-4EE4-AD0F-F403FF0D3271}.Release|Any CPU.Build.0 = Release|Any CPU
		{69CFAD21-498C-4D49-8E57-8E9F0A1B691B}.Debug|Any CPU.ActiveCfg = Debug|Any CPU
		{69CFAD21-498C-4D49-8E57-8E9F0A1B691B}.Debug|Any CPU.Build.0 = Debug|Any CPU
		{69CFAD21-498C-4D49-8E57-8E9F0A1B691B}.Release|Any CPU.ActiveCfg = Release|Any CPU
		{69CFAD21-498C-4D49-8E57-8E9F0A1B691B}.Release|Any CPU.Build.0 = Release|Any CPU
	EndGlobalSection
EndGlobal
